// !$*UTF8*$!
{
	archiveVersion = 1;
	classes = {
	};
	objectVersion = 56;
	objects = {

/* Begin PBXBuildFile section */
		480490102A3D871C00C10DC9 /* PlanDoSeeApp.swift in Sources */ = {isa = PBXBuildFile; fileRef = 4804900F2A3D871C00C10DC9 /* PlanDoSeeApp.swift */; };
		480490122A3D871C00C10DC9 /* PlanDoSeeView.swift in Sources */ = {isa = PBXBuildFile; fileRef = 480490112A3D871C00C10DC9 /* PlanDoSeeView.swift */; };
		480490142A3D871F00C10DC9 /* Assets.xcassets in Resources */ = {isa = PBXBuildFile; fileRef = 480490132A3D871F00C10DC9 /* Assets.xcassets */; };
		480490182A3D871F00C10DC9 /* Preview Assets.xcassets in Resources */ = {isa = PBXBuildFile; fileRef = 480490172A3D871F00C10DC9 /* Preview Assets.xcassets */; };
		480BCF3D2A762056000638D1 /* SeeView.swift in Sources */ = {isa = PBXBuildFile; fileRef = 480BCF3C2A762056000638D1 /* SeeView.swift */; };
		480BCF3F2A762E03000638D1 /* EvaluationPopup.swift in Sources */ = {isa = PBXBuildFile; fileRef = 480BCF3E2A762E03000638D1 /* EvaluationPopup.swift */; };
		480BCF412A763F8F000638D1 /* SeeModel.swift in Sources */ = {isa = PBXBuildFile; fileRef = 480BCF402A763F8F000638D1 /* SeeModel.swift */; };
		480BCF442A78036C000638D1 /* DateMaker.swift in Sources */ = {isa = PBXBuildFile; fileRef = 480BCF432A78036C000638D1 /* DateMaker.swift */; };
		480BCF462A7BD023000638D1 /* PlanDoSeeiOSView.swift in Sources */ = {isa = PBXBuildFile; fileRef = 480BCF452A7BD023000638D1 /* PlanDoSeeiOSView.swift */; };
		480CAFE42AC7ACEF007136EF /* NetworkManager.swift in Sources */ = {isa = PBXBuildFile; fileRef = 480CAFE32AC7ACEF007136EF /* NetworkManager.swift */; };
		480CAFE72AC7B393007136EF /* iOSNetworkToastView.swift in Sources */ = {isa = PBXBuildFile; fileRef = 480CAFE62AC7B393007136EF /* iOSNetworkToastView.swift */; };
		480F6AAC2AC3E0720024CEAD /* FirebaseAnalytics in Frameworks */ = {isa = PBXBuildFile; productRef = 480F6AAB2AC3E0720024CEAD /* FirebaseAnalytics */; };
		480F6AAE2AC3E0790024CEAD /* FirebaseCrashlytics in Frameworks */ = {isa = PBXBuildFile; productRef = 480F6AAD2AC3E0790024CEAD /* FirebaseCrashlytics */; };
		481B3C122A4325F400837FBF /* FirebaseAuth in Frameworks */ = {isa = PBXBuildFile; productRef = 481B3C112A4325F400837FBF /* FirebaseAuth */; };
		481B3C142A4325F400837FBF /* FirebaseFirestore in Frameworks */ = {isa = PBXBuildFile; productRef = 481B3C132A4325F400837FBF /* FirebaseFirestore */; };
		481B3C162A4325F400837FBF /* FirebaseFirestoreSwift in Frameworks */ = {isa = PBXBuildFile; productRef = 481B3C152A4325F400837FBF /* FirebaseFirestoreSwift */; };
		481B3C1F2A432A0100837FBF /* LoginViewModel.swift in Sources */ = {isa = PBXBuildFile; fileRef = 481B3C1E2A432A0100837FBF /* LoginViewModel.swift */; };
		481B3C212A432B2F00837FBF /* GoogleService-Info.plist in Resources */ = {isa = PBXBuildFile; fileRef = 481B3C202A432B2F00837FBF /* GoogleService-Info.plist */; };
		481B3C232A44788E00837FBF /* EntranceView.swift in Sources */ = {isa = PBXBuildFile; fileRef = 481B3C222A44788E00837FBF /* EntranceView.swift */; };
		481B3C272A44863200837FBF /* LoginView.swift in Sources */ = {isa = PBXBuildFile; fileRef = 481B3C262A44863200837FBF /* LoginView.swift */; };
		481B3C292A44863B00837FBF /* SignUpView.swift in Sources */ = {isa = PBXBuildFile; fileRef = 481B3C282A44863B00837FBF /* SignUpView.swift */; };
		481B3C2B2A45B85800837FBF /* LoadingView.swift in Sources */ = {isa = PBXBuildFile; fileRef = 481B3C2A2A45B85800837FBF /* LoadingView.swift */; };
		481B3C2D2A45D35200837FBF /* FireStoreRepository.swift in Sources */ = {isa = PBXBuildFile; fileRef = 481B3C2C2A45D35200837FBF /* FireStoreRepository.swift */; };
		481FE31C2A3E89EC00B4FC9A /* SJTextEditor.swift in Sources */ = {isa = PBXBuildFile; fileRef = 481FE31B2A3E89EC00B4FC9A /* SJTextEditor.swift */; };
		481FE3242A3F2DC300B4FC9A /* TaskRow.swift in Sources */ = {isa = PBXBuildFile; fileRef = 481FE3232A3F2DC300B4FC9A /* TaskRow.swift */; };
		481FE3272A3F2DDB00B4FC9A /* Todo.swift in Sources */ = {isa = PBXBuildFile; fileRef = 481FE3262A3F2DDB00B4FC9A /* Todo.swift */; };
		481FE3292A3F347B00B4FC9A /* TodoListFooter.swift in Sources */ = {isa = PBXBuildFile; fileRef = 481FE3282A3F347B00B4FC9A /* TodoListFooter.swift */; };
		482B05142AD2DA3A00B7C77F /* PopupModel.swift in Sources */ = {isa = PBXBuildFile; fileRef = 482B05132AD2DA3A00B7C77F /* PopupModel.swift */; };
		48357FEA2A46994800BDD209 /* Codable+Extension.swift in Sources */ = {isa = PBXBuildFile; fileRef = 48357FE92A46994800BDD209 /* Codable+Extension.swift */; };
		48357FF12A46B6A400BDD209 /* TimeLineViewRow.swift in Sources */ = {isa = PBXBuildFile; fileRef = 48357FF02A46B6A400BDD209 /* TimeLineViewRow.swift */; };
		48357FF42A46B70F00BDD209 /* WeekRow.swift in Sources */ = {isa = PBXBuildFile; fileRef = 48357FF32A46B70F00BDD209 /* WeekRow.swift */; };
		486E90732ABC1A9100F1AAE8 /* WeekSeeReview.swift in Sources */ = {isa = PBXBuildFile; fileRef = 486E90722ABC1A9100F1AAE8 /* WeekSeeReview.swift */; };
		486E90762ABC27D000F1AAE8 /* OneThingView.swift in Sources */ = {isa = PBXBuildFile; fileRef = 486E90752ABC27D000F1AAE8 /* OneThingView.swift */; };
		486E90782ABC2D1800F1AAE8 /* NotificationManager.swift in Sources */ = {isa = PBXBuildFile; fileRef = 486E90772ABC2D1800F1AAE8 /* NotificationManager.swift */; };
		486E907A2ABC386300F1AAE8 /* OneThing.swift in Sources */ = {isa = PBXBuildFile; fileRef = 486E90792ABC386300F1AAE8 /* OneThing.swift */; };
		486E907C2ABC5ECD00F1AAE8 /* String+Extension.swift in Sources */ = {isa = PBXBuildFile; fileRef = 486E907B2ABC5ECD00F1AAE8 /* String+Extension.swift */; };
		4899A94B2A46F40700EE9AC2 /* TimeLine.swift in Sources */ = {isa = PBXBuildFile; fileRef = 4899A94A2A46F40700EE9AC2 /* TimeLine.swift */; };
		4899A9502A47F23C00EE9AC2 /* DebounceObject.swift in Sources */ = {isa = PBXBuildFile; fileRef = 4899A94F2A47F23C00EE9AC2 /* DebounceObject.swift */; };
		48B3AEEE2AC522D30025678B /* KeypadModifier.swift in Sources */ = {isa = PBXBuildFile; fileRef = 48B3AEED2AC522D30025678B /* KeypadModifier.swift */; };
		48B3AEF12AC56BBA0025678B /* Realm in Frameworks */ = {isa = PBXBuildFile; productRef = 48B3AEF02AC56BBA0025678B /* Realm */; };
		48B3AEF32AC56BBA0025678B /* RealmSwift in Frameworks */ = {isa = PBXBuildFile; productRef = 48B3AEF22AC56BBA0025678B /* RealmSwift */; };
		48D1A5052A963CC800EF9347 /* Color+Extension.swift in Sources */ = {isa = PBXBuildFile; fileRef = 48D1A5042A963CC800EF9347 /* Color+Extension.swift */; };
		48D1A50A2A98F06300EF9347 /* SettingView.swift in Sources */ = {isa = PBXBuildFile; fileRef = 48D1A5092A98F06300EF9347 /* SettingView.swift */; };
		48D1A50C2A99986D00EF9347 /* TodoList.swift in Sources */ = {isa = PBXBuildFile; fileRef = 48D1A50B2A99986D00EF9347 /* TodoList.swift */; };
		48D1A50E2A999C4300EF9347 /* TimeLineList.swift in Sources */ = {isa = PBXBuildFile; fileRef = 48D1A50D2A999C4300EF9347 /* TimeLineList.swift */; };
		48D1A5102A9B50C400EF9347 /* LogoutButtonView.swift in Sources */ = {isa = PBXBuildFile; fileRef = 48D1A50F2A9B50C400EF9347 /* LogoutButtonView.swift */; };
		48D47B6D2A3D8BBB00C95F61 /* Date+Extension.swift in Sources */ = {isa = PBXBuildFile; fileRef = 48D47B6C2A3D8BBB00C95F61 /* Date+Extension.swift */; };
		48D47B6F2A3D8C2900C95F61 /* View+extension.swift in Sources */ = {isa = PBXBuildFile; fileRef = 48D47B6E2A3D8C2900C95F61 /* View+extension.swift */; };
		48D47B712A3DED3500C95F61 /* Calendar+Extension.swift in Sources */ = {isa = PBXBuildFile; fileRef = 48D47B702A3DED3500C95F61 /* Calendar+Extension.swift */; };
		48D48A9A2A4FE7A300F2F55B /* TextView.swift in Sources */ = {isa = PBXBuildFile; fileRef = 48D48A992A4FE7A300F2F55B /* TextView.swift */; };
		48D96C902AC573B3008C85A1 /* RealmRepository.swift in Sources */ = {isa = PBXBuildFile; fileRef = 48D96C8F2AC573B3008C85A1 /* RealmRepository.swift */; };
		48D96C922AC574D2008C85A1 /* OneThingViewModel.swift in Sources */ = {isa = PBXBuildFile; fileRef = 48D96C912AC574D2008C85A1 /* OneThingViewModel.swift */; };
		48D96C942AC5BBF1008C85A1 /* TodoListViewModel.swift in Sources */ = {isa = PBXBuildFile; fileRef = 48D96C932AC5BBF1008C85A1 /* TodoListViewModel.swift */; };
		48D96C962AC70550008C85A1 /* Launch Screen.storyboard in Resources */ = {isa = PBXBuildFile; fileRef = 48D96C952AC70550008C85A1 /* Launch Screen.storyboard */; platformFilter = ios; };
		48E2D61F2AA301910048498B /* FocusTimer.swift in Sources */ = {isa = PBXBuildFile; fileRef = 48E2D61E2AA301910048498B /* FocusTimer.swift */; };
		48E2D6212AAC4CC60048498B /* PlanDoSeeMacosView.swift in Sources */ = {isa = PBXBuildFile; fileRef = 48E2D6202AAC4CC60048498B /* PlanDoSeeMacosView.swift */; };
		48E2D6242AAC57A30048498B /* WeekSeeList.swift in Sources */ = {isa = PBXBuildFile; fileRef = 48E2D6232AAC57A30048498B /* WeekSeeList.swift */; };
		48E2D6272AAF44400048498B /* WeekSeeItemView.swift in Sources */ = {isa = PBXBuildFile; fileRef = 48E2D6262AAF44400048498B /* WeekSeeItemView.swift */; };
		48F191AE2ACB734D009DF668 /* DeleteAccountButtonView.swift in Sources */ = {isa = PBXBuildFile; fileRef = 48F191AD2ACB734D009DF668 /* DeleteAccountButtonView.swift */; };
/* End PBXBuildFile section */

/* Begin PBXFileReference section */
		4804900C2A3D871C00C10DC9 /* PlanDoSee.app */ = {isa = PBXFileReference; explicitFileType = wrapper.application; includeInIndex = 0; path = PlanDoSee.app; sourceTree = BUILT_PRODUCTS_DIR; };
		4804900F2A3D871C00C10DC9 /* PlanDoSeeApp.swift */ = {isa = PBXFileReference; lastKnownFileType = sourcecode.swift; path = PlanDoSeeApp.swift; sourceTree = "<group>"; };
		480490112A3D871C00C10DC9 /* PlanDoSeeView.swift */ = {isa = PBXFileReference; lastKnownFileType = sourcecode.swift; path = PlanDoSeeView.swift; sourceTree = "<group>"; };
		480490132A3D871F00C10DC9 /* Assets.xcassets */ = {isa = PBXFileReference; lastKnownFileType = folder.assetcatalog; path = Assets.xcassets; sourceTree = "<group>"; };
		480490152A3D871F00C10DC9 /* PlanDoSee.entitlements */ = {isa = PBXFileReference; lastKnownFileType = text.plist.entitlements; path = PlanDoSee.entitlements; sourceTree = "<group>"; };
		480490172A3D871F00C10DC9 /* Preview Assets.xcassets */ = {isa = PBXFileReference; lastKnownFileType = folder.assetcatalog; path = "Preview Assets.xcassets"; sourceTree = "<group>"; };
		480BCF3C2A762056000638D1 /* SeeView.swift */ = {isa = PBXFileReference; lastKnownFileType = sourcecode.swift; path = SeeView.swift; sourceTree = "<group>"; };
		480BCF3E2A762E03000638D1 /* EvaluationPopup.swift */ = {isa = PBXFileReference; lastKnownFileType = sourcecode.swift; path = EvaluationPopup.swift; sourceTree = "<group>"; };
		480BCF402A763F8F000638D1 /* SeeModel.swift */ = {isa = PBXFileReference; lastKnownFileType = sourcecode.swift; path = SeeModel.swift; sourceTree = "<group>"; };
		480BCF432A78036C000638D1 /* DateMaker.swift */ = {isa = PBXFileReference; lastKnownFileType = sourcecode.swift; path = DateMaker.swift; sourceTree = "<group>"; };
		480BCF452A7BD023000638D1 /* PlanDoSeeiOSView.swift */ = {isa = PBXFileReference; lastKnownFileType = sourcecode.swift; path = PlanDoSeeiOSView.swift; sourceTree = "<group>"; };
		480CAFE32AC7ACEF007136EF /* NetworkManager.swift */ = {isa = PBXFileReference; lastKnownFileType = sourcecode.swift; path = NetworkManager.swift; sourceTree = "<group>"; };
		480CAFE62AC7B393007136EF /* iOSNetworkToastView.swift */ = {isa = PBXFileReference; lastKnownFileType = sourcecode.swift; path = iOSNetworkToastView.swift; sourceTree = "<group>"; };
		481B3C1E2A432A0100837FBF /* LoginViewModel.swift */ = {isa = PBXFileReference; lastKnownFileType = sourcecode.swift; path = LoginViewModel.swift; sourceTree = "<group>"; };
		481B3C202A432B2F00837FBF /* GoogleService-Info.plist */ = {isa = PBXFileReference; fileEncoding = 4; lastKnownFileType = text.plist.xml; path = "GoogleService-Info.plist"; sourceTree = "<group>"; };
		481B3C222A44788E00837FBF /* EntranceView.swift */ = {isa = PBXFileReference; lastKnownFileType = sourcecode.swift; path = EntranceView.swift; sourceTree = "<group>"; };
		481B3C262A44863200837FBF /* LoginView.swift */ = {isa = PBXFileReference; lastKnownFileType = sourcecode.swift; path = LoginView.swift; sourceTree = "<group>"; };
		481B3C282A44863B00837FBF /* SignUpView.swift */ = {isa = PBXFileReference; lastKnownFileType = sourcecode.swift; path = SignUpView.swift; sourceTree = "<group>"; };
		481B3C2A2A45B85800837FBF /* LoadingView.swift */ = {isa = PBXFileReference; lastKnownFileType = sourcecode.swift; path = LoadingView.swift; sourceTree = "<group>"; };
		481B3C2C2A45D35200837FBF /* FireStoreRepository.swift */ = {isa = PBXFileReference; lastKnownFileType = sourcecode.swift; path = FireStoreRepository.swift; sourceTree = "<group>"; };
		481FE31B2A3E89EC00B4FC9A /* SJTextEditor.swift */ = {isa = PBXFileReference; lastKnownFileType = sourcecode.swift; path = SJTextEditor.swift; sourceTree = "<group>"; };
		481FE3232A3F2DC300B4FC9A /* TaskRow.swift */ = {isa = PBXFileReference; lastKnownFileType = sourcecode.swift; path = TaskRow.swift; sourceTree = "<group>"; };
		481FE3262A3F2DDB00B4FC9A /* Todo.swift */ = {isa = PBXFileReference; lastKnownFileType = sourcecode.swift; path = Todo.swift; sourceTree = "<group>"; };
		481FE3282A3F347B00B4FC9A /* TodoListFooter.swift */ = {isa = PBXFileReference; lastKnownFileType = sourcecode.swift; path = TodoListFooter.swift; sourceTree = "<group>"; };
		482B05132AD2DA3A00B7C77F /* PopupModel.swift */ = {isa = PBXFileReference; lastKnownFileType = sourcecode.swift; path = PopupModel.swift; sourceTree = "<group>"; };
		48357FE92A46994800BDD209 /* Codable+Extension.swift */ = {isa = PBXFileReference; lastKnownFileType = sourcecode.swift; path = "Codable+Extension.swift"; sourceTree = "<group>"; };
		48357FF02A46B6A400BDD209 /* TimeLineViewRow.swift */ = {isa = PBXFileReference; lastKnownFileType = sourcecode.swift; path = TimeLineViewRow.swift; sourceTree = "<group>"; };
		48357FF32A46B70F00BDD209 /* WeekRow.swift */ = {isa = PBXFileReference; lastKnownFileType = sourcecode.swift; path = WeekRow.swift; sourceTree = "<group>"; };
		486E90722ABC1A9100F1AAE8 /* WeekSeeReview.swift */ = {isa = PBXFileReference; lastKnownFileType = sourcecode.swift; path = WeekSeeReview.swift; sourceTree = "<group>"; };
		486E90752ABC27D000F1AAE8 /* OneThingView.swift */ = {isa = PBXFileReference; lastKnownFileType = sourcecode.swift; path = OneThingView.swift; sourceTree = "<group>"; };
		486E90772ABC2D1800F1AAE8 /* NotificationManager.swift */ = {isa = PBXFileReference; lastKnownFileType = sourcecode.swift; path = NotificationManager.swift; sourceTree = "<group>"; };
		486E90792ABC386300F1AAE8 /* OneThing.swift */ = {isa = PBXFileReference; lastKnownFileType = sourcecode.swift; path = OneThing.swift; sourceTree = "<group>"; };
		486E907B2ABC5ECD00F1AAE8 /* String+Extension.swift */ = {isa = PBXFileReference; lastKnownFileType = sourcecode.swift; path = "String+Extension.swift"; sourceTree = "<group>"; };
		4899A94A2A46F40700EE9AC2 /* TimeLine.swift */ = {isa = PBXFileReference; lastKnownFileType = sourcecode.swift; path = TimeLine.swift; sourceTree = "<group>"; };
		4899A94F2A47F23C00EE9AC2 /* DebounceObject.swift */ = {isa = PBXFileReference; lastKnownFileType = sourcecode.swift; path = DebounceObject.swift; sourceTree = "<group>"; };
		48B3AEED2AC522D30025678B /* KeypadModifier.swift */ = {isa = PBXFileReference; lastKnownFileType = sourcecode.swift; path = KeypadModifier.swift; sourceTree = "<group>"; };
		48D1A5042A963CC800EF9347 /* Color+Extension.swift */ = {isa = PBXFileReference; lastKnownFileType = sourcecode.swift; path = "Color+Extension.swift"; sourceTree = "<group>"; };
		48D1A5092A98F06300EF9347 /* SettingView.swift */ = {isa = PBXFileReference; lastKnownFileType = sourcecode.swift; path = SettingView.swift; sourceTree = "<group>"; };
		48D1A50B2A99986D00EF9347 /* TodoList.swift */ = {isa = PBXFileReference; lastKnownFileType = sourcecode.swift; path = TodoList.swift; sourceTree = "<group>"; };
		48D1A50D2A999C4300EF9347 /* TimeLineList.swift */ = {isa = PBXFileReference; lastKnownFileType = sourcecode.swift; path = TimeLineList.swift; sourceTree = "<group>"; };
		48D1A50F2A9B50C400EF9347 /* LogoutButtonView.swift */ = {isa = PBXFileReference; lastKnownFileType = sourcecode.swift; path = LogoutButtonView.swift; sourceTree = "<group>"; };
		48D47B6C2A3D8BBB00C95F61 /* Date+Extension.swift */ = {isa = PBXFileReference; lastKnownFileType = sourcecode.swift; path = "Date+Extension.swift"; sourceTree = "<group>"; };
		48D47B6E2A3D8C2900C95F61 /* View+extension.swift */ = {isa = PBXFileReference; lastKnownFileType = sourcecode.swift; path = "View+extension.swift"; sourceTree = "<group>"; };
		48D47B702A3DED3500C95F61 /* Calendar+Extension.swift */ = {isa = PBXFileReference; lastKnownFileType = sourcecode.swift; path = "Calendar+Extension.swift"; sourceTree = "<group>"; };
		48D48A992A4FE7A300F2F55B /* TextView.swift */ = {isa = PBXFileReference; lastKnownFileType = sourcecode.swift; path = TextView.swift; sourceTree = "<group>"; };
		48D96C8F2AC573B3008C85A1 /* RealmRepository.swift */ = {isa = PBXFileReference; lastKnownFileType = sourcecode.swift; path = RealmRepository.swift; sourceTree = "<group>"; };
		48D96C912AC574D2008C85A1 /* OneThingViewModel.swift */ = {isa = PBXFileReference; lastKnownFileType = sourcecode.swift; path = OneThingViewModel.swift; sourceTree = "<group>"; };
		48D96C932AC5BBF1008C85A1 /* TodoListViewModel.swift */ = {isa = PBXFileReference; lastKnownFileType = sourcecode.swift; path = TodoListViewModel.swift; sourceTree = "<group>"; };
		48D96C952AC70550008C85A1 /* Launch Screen.storyboard */ = {isa = PBXFileReference; lastKnownFileType = file.storyboard; path = "Launch Screen.storyboard"; sourceTree = "<group>"; };
		48E2D61D2AA2FC0B0048498B /* Info.plist */ = {isa = PBXFileReference; lastKnownFileType = text.plist; path = Info.plist; sourceTree = "<group>"; };
		48E2D61E2AA301910048498B /* FocusTimer.swift */ = {isa = PBXFileReference; lastKnownFileType = sourcecode.swift; path = FocusTimer.swift; sourceTree = "<group>"; };
		48E2D6202AAC4CC60048498B /* PlanDoSeeMacosView.swift */ = {isa = PBXFileReference; lastKnownFileType = sourcecode.swift; path = PlanDoSeeMacosView.swift; sourceTree = "<group>"; };
		48E2D6232AAC57A30048498B /* WeekSeeList.swift */ = {isa = PBXFileReference; lastKnownFileType = sourcecode.swift; path = WeekSeeList.swift; sourceTree = "<group>"; };
		48E2D6262AAF44400048498B /* WeekSeeItemView.swift */ = {isa = PBXFileReference; lastKnownFileType = sourcecode.swift; path = WeekSeeItemView.swift; sourceTree = "<group>"; };
		48F191AD2ACB734D009DF668 /* DeleteAccountButtonView.swift */ = {isa = PBXFileReference; lastKnownFileType = sourcecode.swift; path = DeleteAccountButtonView.swift; sourceTree = "<group>"; };
/* End PBXFileReference section */

/* Begin PBXFrameworksBuildPhase section */
		480490092A3D871C00C10DC9 /* Frameworks */ = {
			isa = PBXFrameworksBuildPhase;
			buildActionMask = 2147483647;
			files = (
				48B3AEF12AC56BBA0025678B /* Realm in Frameworks */,
				481B3C122A4325F400837FBF /* FirebaseAuth in Frameworks */,
				48B3AEF32AC56BBA0025678B /* RealmSwift in Frameworks */,
				481B3C142A4325F400837FBF /* FirebaseFirestore in Frameworks */,
				480F6AAE2AC3E0790024CEAD /* FirebaseCrashlytics in Frameworks */,
				480F6AAC2AC3E0720024CEAD /* FirebaseAnalytics in Frameworks */,
				481B3C162A4325F400837FBF /* FirebaseFirestoreSwift in Frameworks */,
			);
			runOnlyForDeploymentPostprocessing = 0;
		};
/* End PBXFrameworksBuildPhase section */

/* Begin PBXGroup section */
		480490032A3D871C00C10DC9 = {
			isa = PBXGroup;
			children = (
				4804900E2A3D871C00C10DC9 /* PlanDoSee */,
				4804900D2A3D871C00C10DC9 /* Products */,
				481FE3202A3E965100B4FC9A /* Frameworks */,
			);
			sourceTree = "<group>";
		};
		4804900D2A3D871C00C10DC9 /* Products */ = {
			isa = PBXGroup;
			children = (
				4804900C2A3D871C00C10DC9 /* PlanDoSee.app */,
			);
			name = Products;
			sourceTree = "<group>";
		};
		4804900E2A3D871C00C10DC9 /* PlanDoSee */ = {
			isa = PBXGroup;
			children = (
				48D96C8E2AC573A4008C85A1 /* Repository */,
				48B3AEEC2AC522BD0025678B /* Modifier */,
				48E2D61D2AA2FC0B0048498B /* Info.plist */,
				480BCF422A78034D000638D1 /* Manager */,
				4899A94E2A47F22B00EE9AC2 /* Custom */,
				481B3C1D2A4329F700837FBF /* ViewModel */,
				481B3C1A2A43282900837FBF /* Resources */,
				481B3C192A4327E200837FBF /* Auth */,
				481FE3252A3F2DCF00B4FC9A /* Model */,
				481FE31A2A3E89B000B4FC9A /* View */,
				48D47B6B2A3D8BA700C95F61 /* Extension */,
				4804900F2A3D871C00C10DC9 /* PlanDoSeeApp.swift */,
				480BCF452A7BD023000638D1 /* PlanDoSeeiOSView.swift */,
				480490112A3D871C00C10DC9 /* PlanDoSeeView.swift */,
				480490152A3D871F00C10DC9 /* PlanDoSee.entitlements */,
				480490162A3D871F00C10DC9 /* Preview Content */,
				48E2D6202AAC4CC60048498B /* PlanDoSeeMacosView.swift */,
			);
			path = PlanDoSee;
			sourceTree = "<group>";
		};
		480490162A3D871F00C10DC9 /* Preview Content */ = {
			isa = PBXGroup;
			children = (
				480490172A3D871F00C10DC9 /* Preview Assets.xcassets */,
			);
			path = "Preview Content";
			sourceTree = "<group>";
		};
		480BCF392A762024000638D1 /* See */ = {
			isa = PBXGroup;
			children = (
				480BCF3C2A762056000638D1 /* SeeView.swift */,
				480BCF3E2A762E03000638D1 /* EvaluationPopup.swift */,
			);
			path = See;
			sourceTree = "<group>";
		};
		480BCF422A78034D000638D1 /* Manager */ = {
			isa = PBXGroup;
			children = (
				480BCF432A78036C000638D1 /* DateMaker.swift */,
				486E90772ABC2D1800F1AAE8 /* NotificationManager.swift */,
				480CAFE32AC7ACEF007136EF /* NetworkManager.swift */,
			);
			path = Manager;
			sourceTree = "<group>";
		};
		480CAFE52AC7B30C007136EF /* Popup */ = {
			isa = PBXGroup;
			children = (
				480CAFE62AC7B393007136EF /* iOSNetworkToastView.swift */,
			);
			path = Popup;
			sourceTree = "<group>";
		};
		481B3C192A4327E200837FBF /* Auth */ = {
			isa = PBXGroup;
			children = (
			);
			path = Auth;
			sourceTree = "<group>";
		};
		481B3C1A2A43282900837FBF /* Resources */ = {
			isa = PBXGroup;
			children = (
				481B3C202A432B2F00837FBF /* GoogleService-Info.plist */,
				480490132A3D871F00C10DC9 /* Assets.xcassets */,
				48D96C952AC70550008C85A1 /* Launch Screen.storyboard */,
			);
			path = Resources;
			sourceTree = "<group>";
		};
		481B3C1D2A4329F700837FBF /* ViewModel */ = {
			isa = PBXGroup;
			children = (
				481B3C1E2A432A0100837FBF /* LoginViewModel.swift */,
				481B3C2C2A45D35200837FBF /* FireStoreRepository.swift */,
				48D96C912AC574D2008C85A1 /* OneThingViewModel.swift */,
				48D96C932AC5BBF1008C85A1 /* TodoListViewModel.swift */,
			);
			path = ViewModel;
			sourceTree = "<group>";
		};
		481FE31A2A3E89B000B4FC9A /* View */ = {
			isa = PBXGroup;
			children = (
				480CAFE52AC7B30C007136EF /* Popup */,
				486E90742ABC27A000F1AAE8 /* OneThing */,
				48E2D6222AAC57970048498B /* WeekSeeList */,
				48D1A5062A98F04500EF9347 /* Setting */,
				480BCF392A762024000638D1 /* See */,
				48357FF22A46B70000BDD209 /* Calendar */,
				48357FED2A46B5EC00BDD209 /* Timeline */,
				48357FEC2A46B5E200BDD209 /* Todo */,
				48357FEB2A46B5C300BDD209 /* Login */,
			);
			path = View;
			sourceTree = "<group>";
		};
		481FE3202A3E965100B4FC9A /* Frameworks */ = {
			isa = PBXGroup;
			children = (
			);
			name = Frameworks;
			sourceTree = "<group>";
		};
		481FE3252A3F2DCF00B4FC9A /* Model */ = {
			isa = PBXGroup;
			children = (
				481FE3262A3F2DDB00B4FC9A /* Todo.swift */,
				4899A94A2A46F40700EE9AC2 /* TimeLine.swift */,
				480BCF402A763F8F000638D1 /* SeeModel.swift */,
				486E90792ABC386300F1AAE8 /* OneThing.swift */,
				482B05132AD2DA3A00B7C77F /* PopupModel.swift */,
			);
			path = Model;
			sourceTree = "<group>";
		};
		48357FEB2A46B5C300BDD209 /* Login */ = {
			isa = PBXGroup;
			children = (
				481B3C222A44788E00837FBF /* EntranceView.swift */,
				481B3C262A44863200837FBF /* LoginView.swift */,
				481B3C282A44863B00837FBF /* SignUpView.swift */,
				481B3C2A2A45B85800837FBF /* LoadingView.swift */,
			);
			path = Login;
			sourceTree = "<group>";
		};
		48357FEC2A46B5E200BDD209 /* Todo */ = {
			isa = PBXGroup;
			children = (
				481FE3282A3F347B00B4FC9A /* TodoListFooter.swift */,
				481FE3232A3F2DC300B4FC9A /* TaskRow.swift */,
				48D1A50B2A99986D00EF9347 /* TodoList.swift */,
			);
			path = Todo;
			sourceTree = "<group>";
		};
		48357FED2A46B5EC00BDD209 /* Timeline */ = {
			isa = PBXGroup;
			children = (
				481FE31B2A3E89EC00B4FC9A /* SJTextEditor.swift */,
				48357FF02A46B6A400BDD209 /* TimeLineViewRow.swift */,
				48D1A50D2A999C4300EF9347 /* TimeLineList.swift */,
			);
			path = Timeline;
			sourceTree = "<group>";
		};
		48357FF22A46B70000BDD209 /* Calendar */ = {
			isa = PBXGroup;
			children = (
				48357FF32A46B70F00BDD209 /* WeekRow.swift */,
			);
			path = Calendar;
			sourceTree = "<group>";
		};
		486E90742ABC27A000F1AAE8 /* OneThing */ = {
			isa = PBXGroup;
			children = (
				486E90752ABC27D000F1AAE8 /* OneThingView.swift */,
			);
			path = OneThing;
			sourceTree = "<group>";
		};
		4899A94E2A47F22B00EE9AC2 /* Custom */ = {
			isa = PBXGroup;
			children = (
				4899A94F2A47F23C00EE9AC2 /* DebounceObject.swift */,
				48D48A992A4FE7A300F2F55B /* TextView.swift */,
				48E2D61E2AA301910048498B /* FocusTimer.swift */,
			);
			path = Custom;
			sourceTree = "<group>";
		};
		48B3AEEC2AC522BD0025678B /* Modifier */ = {
			isa = PBXGroup;
			children = (
				48B3AEED2AC522D30025678B /* KeypadModifier.swift */,
			);
			path = Modifier;
			sourceTree = "<group>";
		};
		48D1A5062A98F04500EF9347 /* Setting */ = {
			isa = PBXGroup;
			children = (
				48D1A5092A98F06300EF9347 /* SettingView.swift */,
				48D1A50F2A9B50C400EF9347 /* LogoutButtonView.swift */,
				48F191AD2ACB734D009DF668 /* DeleteAccountButtonView.swift */,
			);
			path = Setting;
			sourceTree = "<group>";
		};
		48D47B6B2A3D8BA700C95F61 /* Extension */ = {
			isa = PBXGroup;
			children = (
				48D47B6C2A3D8BBB00C95F61 /* Date+Extension.swift */,
				48D47B6E2A3D8C2900C95F61 /* View+extension.swift */,
				48D47B702A3DED3500C95F61 /* Calendar+Extension.swift */,
				48357FE92A46994800BDD209 /* Codable+Extension.swift */,
				48D1A5042A963CC800EF9347 /* Color+Extension.swift */,
				486E907B2ABC5ECD00F1AAE8 /* String+Extension.swift */,
			);
			path = Extension;
			sourceTree = "<group>";
		};
		48D96C8E2AC573A4008C85A1 /* Repository */ = {
			isa = PBXGroup;
			children = (
				48D96C8F2AC573B3008C85A1 /* RealmRepository.swift */,
			);
			path = Repository;
			sourceTree = "<group>";
		};
		48E2D6222AAC57970048498B /* WeekSeeList */ = {
			isa = PBXGroup;
			children = (
				48E2D6232AAC57A30048498B /* WeekSeeList.swift */,
				48E2D6262AAF44400048498B /* WeekSeeItemView.swift */,
				486E90722ABC1A9100F1AAE8 /* WeekSeeReview.swift */,
			);
			path = WeekSeeList;
			sourceTree = "<group>";
		};
/* End PBXGroup section */

/* Begin PBXNativeTarget section */
		4804900B2A3D871C00C10DC9 /* PlanDoSee */ = {
			isa = PBXNativeTarget;
			buildConfigurationList = 4804901B2A3D871F00C10DC9 /* Build configuration list for PBXNativeTarget "PlanDoSee" */;
			buildPhases = (
				480490082A3D871C00C10DC9 /* Sources */,
				480490092A3D871C00C10DC9 /* Frameworks */,
				4804900A2A3D871C00C10DC9 /* Resources */,
				480F6AAF2AC3E1760024CEAD /* ShellScript */,
			);
			buildRules = (
			);
			dependencies = (
			);
			name = PlanDoSee;
			packageProductDependencies = (
				481B3C112A4325F400837FBF /* FirebaseAuth */,
				481B3C132A4325F400837FBF /* FirebaseFirestore */,
				481B3C152A4325F400837FBF /* FirebaseFirestoreSwift */,
				480F6AAB2AC3E0720024CEAD /* FirebaseAnalytics */,
				480F6AAD2AC3E0790024CEAD /* FirebaseCrashlytics */,
				48B3AEF02AC56BBA0025678B /* Realm */,
				48B3AEF22AC56BBA0025678B /* RealmSwift */,
			);
			productName = PlanDoSee;
			productReference = 4804900C2A3D871C00C10DC9 /* PlanDoSee.app */;
			productType = "com.apple.product-type.application";
		};
/* End PBXNativeTarget section */

/* Begin PBXProject section */
		480490042A3D871C00C10DC9 /* Project object */ = {
			isa = PBXProject;
			attributes = {
				BuildIndependentTargetsInParallel = 1;
				LastSwiftUpdateCheck = 1420;
				LastUpgradeCheck = 1420;
				TargetAttributes = {
					4804900B2A3D871C00C10DC9 = {
						CreatedOnToolsVersion = 14.2;
					};
				};
			};
			buildConfigurationList = 480490072A3D871C00C10DC9 /* Build configuration list for PBXProject "PlanDoSee" */;
			compatibilityVersion = "Xcode 14.0";
			developmentRegion = en;
			hasScannedForEncodings = 0;
			knownRegions = (
				en,
				Base,
			);
			mainGroup = 480490032A3D871C00C10DC9;
			packageReferences = (
				481B3C102A4325F400837FBF /* XCRemoteSwiftPackageReference "firebase-ios-sdk" */,
				48B3AEEF2AC56BB90025678B /* XCRemoteSwiftPackageReference "realm-swift" */,
			);
			productRefGroup = 4804900D2A3D871C00C10DC9 /* Products */;
			projectDirPath = "";
			projectRoot = "";
			targets = (
				4804900B2A3D871C00C10DC9 /* PlanDoSee */,
			);
		};
/* End PBXProject section */

/* Begin PBXResourcesBuildPhase section */
		4804900A2A3D871C00C10DC9 /* Resources */ = {
			isa = PBXResourcesBuildPhase;
			buildActionMask = 2147483647;
			files = (
				480490182A3D871F00C10DC9 /* Preview Assets.xcassets in Resources */,
				480490142A3D871F00C10DC9 /* Assets.xcassets in Resources */,
				48D96C962AC70550008C85A1 /* Launch Screen.storyboard in Resources */,
				481B3C212A432B2F00837FBF /* GoogleService-Info.plist in Resources */,
			);
			runOnlyForDeploymentPostprocessing = 0;
		};
/* End PBXResourcesBuildPhase section */

/* Begin PBXShellScriptBuildPhase section */
		480F6AAF2AC3E1760024CEAD /* ShellScript */ = {
			isa = PBXShellScriptBuildPhase;
			buildActionMask = 2147483647;
			files = (
			);
			inputFileListPaths = (
			);
			inputPaths = (
			);
			outputFileListPaths = (
			);
			outputPaths = (
			);
			runOnlyForDeploymentPostprocessing = 0;
			shellPath = /bin/sh;
			shellScript = "\"${BUILD_DIR%Build/*}SourcePackages/checkouts/firebase-ios-sdk/Crashlytics/run\"\n";
		};
/* End PBXShellScriptBuildPhase section */

/* Begin PBXSourcesBuildPhase section */
		480490082A3D871C00C10DC9 /* Sources */ = {
			isa = PBXSourcesBuildPhase;
			buildActionMask = 2147483647;
			files = (
				48D96C942AC5BBF1008C85A1 /* TodoListViewModel.swift in Sources */,
				48D1A5102A9B50C400EF9347 /* LogoutButtonView.swift in Sources */,
				480BCF442A78036C000638D1 /* DateMaker.swift in Sources */,
				481FE3292A3F347B00B4FC9A /* TodoListFooter.swift in Sources */,
				480BCF3D2A762056000638D1 /* SeeView.swift in Sources */,
				48D48A9A2A4FE7A300F2F55B /* TextView.swift in Sources */,
				481FE3272A3F2DDB00B4FC9A /* Todo.swift in Sources */,
				48D1A50E2A999C4300EF9347 /* TimeLineList.swift in Sources */,
				481B3C1F2A432A0100837FBF /* LoginViewModel.swift in Sources */,
				486E907C2ABC5ECD00F1AAE8 /* String+Extension.swift in Sources */,
				480490122A3D871C00C10DC9 /* PlanDoSeeView.swift in Sources */,
				480490102A3D871C00C10DC9 /* PlanDoSeeApp.swift in Sources */,
				48D96C902AC573B3008C85A1 /* RealmRepository.swift in Sources */,
				48F191AE2ACB734D009DF668 /* DeleteAccountButtonView.swift in Sources */,
				48357FF42A46B70F00BDD209 /* WeekRow.swift in Sources */,
				4899A94B2A46F40700EE9AC2 /* TimeLine.swift in Sources */,
				48D96C922AC574D2008C85A1 /* OneThingViewModel.swift in Sources */,
				48E2D61F2AA301910048498B /* FocusTimer.swift in Sources */,
				481B3C2B2A45B85800837FBF /* LoadingView.swift in Sources */,
				48357FF12A46B6A400BDD209 /* TimeLineViewRow.swift in Sources */,
				481FE31C2A3E89EC00B4FC9A /* SJTextEditor.swift in Sources */,
				4899A9502A47F23C00EE9AC2 /* DebounceObject.swift in Sources */,
				48D1A50C2A99986D00EF9347 /* TodoList.swift in Sources */,
				48B3AEEE2AC522D30025678B /* KeypadModifier.swift in Sources */,
				48D1A5052A963CC800EF9347 /* Color+Extension.swift in Sources */,
				481B3C272A44863200837FBF /* LoginView.swift in Sources */,
				48D47B6F2A3D8C2900C95F61 /* View+extension.swift in Sources */,
				48357FEA2A46994800BDD209 /* Codable+Extension.swift in Sources */,
				480CAFE42AC7ACEF007136EF /* NetworkManager.swift in Sources */,
				481B3C2D2A45D35200837FBF /* FireStoreRepository.swift in Sources */,
				480BCF412A763F8F000638D1 /* SeeModel.swift in Sources */,
				481B3C292A44863B00837FBF /* SignUpView.swift in Sources */,
				480BCF462A7BD023000638D1 /* PlanDoSeeiOSView.swift in Sources */,
				486E90732ABC1A9100F1AAE8 /* WeekSeeReview.swift in Sources */,
				48D47B6D2A3D8BBB00C95F61 /* Date+Extension.swift in Sources */,
				48E2D6272AAF44400048498B /* WeekSeeItemView.swift in Sources */,
				480BCF3F2A762E03000638D1 /* EvaluationPopup.swift in Sources */,
				481B3C232A44788E00837FBF /* EntranceView.swift in Sources */,
				480CAFE72AC7B393007136EF /* iOSNetworkToastView.swift in Sources */,
				481FE3242A3F2DC300B4FC9A /* TaskRow.swift in Sources */,
				48D1A50A2A98F06300EF9347 /* SettingView.swift in Sources */,
				48D47B712A3DED3500C95F61 /* Calendar+Extension.swift in Sources */,
				482B05142AD2DA3A00B7C77F /* PopupModel.swift in Sources */,
				486E90782ABC2D1800F1AAE8 /* NotificationManager.swift in Sources */,
				486E90762ABC27D000F1AAE8 /* OneThingView.swift in Sources */,
				486E907A2ABC386300F1AAE8 /* OneThing.swift in Sources */,
				48E2D6212AAC4CC60048498B /* PlanDoSeeMacosView.swift in Sources */,
				48E2D6242AAC57A30048498B /* WeekSeeList.swift in Sources */,
			);
			runOnlyForDeploymentPostprocessing = 0;
		};
/* End PBXSourcesBuildPhase section */

/* Begin XCBuildConfiguration section */
		480490192A3D871F00C10DC9 /* Debug */ = {
			isa = XCBuildConfiguration;
			buildSettings = {
				ALWAYS_SEARCH_USER_PATHS = NO;
				CLANG_ANALYZER_NONNULL = YES;
				CLANG_ANALYZER_NUMBER_OBJECT_CONVERSION = YES_AGGRESSIVE;
				CLANG_CXX_LANGUAGE_STANDARD = "gnu++20";
				CLANG_ENABLE_MODULES = YES;
				CLANG_ENABLE_OBJC_ARC = YES;
				CLANG_ENABLE_OBJC_WEAK = YES;
				CLANG_WARN_BLOCK_CAPTURE_AUTORELEASING = YES;
				CLANG_WARN_BOOL_CONVERSION = YES;
				CLANG_WARN_COMMA = YES;
				CLANG_WARN_CONSTANT_CONVERSION = YES;
				CLANG_WARN_DEPRECATED_OBJC_IMPLEMENTATIONS = YES;
				CLANG_WARN_DIRECT_OBJC_ISA_USAGE = YES_ERROR;
				CLANG_WARN_DOCUMENTATION_COMMENTS = YES;
				CLANG_WARN_EMPTY_BODY = YES;
				CLANG_WARN_ENUM_CONVERSION = YES;
				CLANG_WARN_INFINITE_RECURSION = YES;
				CLANG_WARN_INT_CONVERSION = YES;
				CLANG_WARN_NON_LITERAL_NULL_CONVERSION = YES;
				CLANG_WARN_OBJC_IMPLICIT_RETAIN_SELF = YES;
				CLANG_WARN_OBJC_LITERAL_CONVERSION = YES;
				CLANG_WARN_OBJC_ROOT_CLASS = YES_ERROR;
				CLANG_WARN_QUOTED_INCLUDE_IN_FRAMEWORK_HEADER = YES;
				CLANG_WARN_RANGE_LOOP_ANALYSIS = YES;
				CLANG_WARN_STRICT_PROTOTYPES = YES;
				CLANG_WARN_SUSPICIOUS_MOVE = YES;
				CLANG_WARN_UNGUARDED_AVAILABILITY = YES_AGGRESSIVE;
				CLANG_WARN_UNREACHABLE_CODE = YES;
				CLANG_WARN__DUPLICATE_METHOD_MATCH = YES;
				COPY_PHASE_STRIP = NO;
				DEBUG_INFORMATION_FORMAT = dwarf;
				ENABLE_STRICT_OBJC_MSGSEND = YES;
				ENABLE_TESTABILITY = YES;
				GCC_C_LANGUAGE_STANDARD = gnu11;
				GCC_DYNAMIC_NO_PIC = NO;
				GCC_NO_COMMON_BLOCKS = YES;
				GCC_OPTIMIZATION_LEVEL = 0;
				GCC_PREPROCESSOR_DEFINITIONS = (
					"DEBUG=1",
					"$(inherited)",
				);
				GCC_WARN_64_TO_32_BIT_CONVERSION = YES;
				GCC_WARN_ABOUT_RETURN_TYPE = YES_ERROR;
				GCC_WARN_UNDECLARED_SELECTOR = YES;
				GCC_WARN_UNINITIALIZED_AUTOS = YES_AGGRESSIVE;
				GCC_WARN_UNUSED_FUNCTION = YES;
				GCC_WARN_UNUSED_VARIABLE = YES;
				MTL_ENABLE_DEBUG_INFO = INCLUDE_SOURCE;
				MTL_FAST_MATH = YES;
				ONLY_ACTIVE_ARCH = YES;
				SWIFT_ACTIVE_COMPILATION_CONDITIONS = DEBUG;
				SWIFT_OPTIMIZATION_LEVEL = "-Onone";
			};
			name = Debug;
		};
		4804901A2A3D871F00C10DC9 /* Release */ = {
			isa = XCBuildConfiguration;
			buildSettings = {
				ALWAYS_SEARCH_USER_PATHS = NO;
				CLANG_ANALYZER_NONNULL = YES;
				CLANG_ANALYZER_NUMBER_OBJECT_CONVERSION = YES_AGGRESSIVE;
				CLANG_CXX_LANGUAGE_STANDARD = "gnu++20";
				CLANG_ENABLE_MODULES = YES;
				CLANG_ENABLE_OBJC_ARC = YES;
				CLANG_ENABLE_OBJC_WEAK = YES;
				CLANG_WARN_BLOCK_CAPTURE_AUTORELEASING = YES;
				CLANG_WARN_BOOL_CONVERSION = YES;
				CLANG_WARN_COMMA = YES;
				CLANG_WARN_CONSTANT_CONVERSION = YES;
				CLANG_WARN_DEPRECATED_OBJC_IMPLEMENTATIONS = YES;
				CLANG_WARN_DIRECT_OBJC_ISA_USAGE = YES_ERROR;
				CLANG_WARN_DOCUMENTATION_COMMENTS = YES;
				CLANG_WARN_EMPTY_BODY = YES;
				CLANG_WARN_ENUM_CONVERSION = YES;
				CLANG_WARN_INFINITE_RECURSION = YES;
				CLANG_WARN_INT_CONVERSION = YES;
				CLANG_WARN_NON_LITERAL_NULL_CONVERSION = YES;
				CLANG_WARN_OBJC_IMPLICIT_RETAIN_SELF = YES;
				CLANG_WARN_OBJC_LITERAL_CONVERSION = YES;
				CLANG_WARN_OBJC_ROOT_CLASS = YES_ERROR;
				CLANG_WARN_QUOTED_INCLUDE_IN_FRAMEWORK_HEADER = YES;
				CLANG_WARN_RANGE_LOOP_ANALYSIS = YES;
				CLANG_WARN_STRICT_PROTOTYPES = YES;
				CLANG_WARN_SUSPICIOUS_MOVE = YES;
				CLANG_WARN_UNGUARDED_AVAILABILITY = YES_AGGRESSIVE;
				CLANG_WARN_UNREACHABLE_CODE = YES;
				CLANG_WARN__DUPLICATE_METHOD_MATCH = YES;
				COPY_PHASE_STRIP = NO;
				DEBUG_INFORMATION_FORMAT = "dwarf-with-dsym";
				ENABLE_NS_ASSERTIONS = NO;
				ENABLE_STRICT_OBJC_MSGSEND = YES;
				GCC_C_LANGUAGE_STANDARD = gnu11;
				GCC_NO_COMMON_BLOCKS = YES;
				GCC_WARN_64_TO_32_BIT_CONVERSION = YES;
				GCC_WARN_ABOUT_RETURN_TYPE = YES_ERROR;
				GCC_WARN_UNDECLARED_SELECTOR = YES;
				GCC_WARN_UNINITIALIZED_AUTOS = YES_AGGRESSIVE;
				GCC_WARN_UNUSED_FUNCTION = YES;
				GCC_WARN_UNUSED_VARIABLE = YES;
				MTL_ENABLE_DEBUG_INFO = NO;
				MTL_FAST_MATH = YES;
				SWIFT_COMPILATION_MODE = wholemodule;
				SWIFT_OPTIMIZATION_LEVEL = "-O";
			};
			name = Release;
		};
		4804901C2A3D871F00C10DC9 /* Debug */ = {
			isa = XCBuildConfiguration;
			buildSettings = {
				ASSETCATALOG_COMPILER_APPICON_NAME = AppIcon;
				ASSETCATALOG_COMPILER_GLOBAL_ACCENT_COLOR_NAME = AccentColor;
				CODE_SIGN_ENTITLEMENTS = PlanDoSee/PlanDoSee.entitlements;
				CODE_SIGN_IDENTITY = "Apple Development";
				"CODE_SIGN_IDENTITY[sdk=macosx*]" = "-";
				CODE_SIGN_STYLE = Automatic;
				CURRENT_PROJECT_VERSION = 3;
				DEVELOPMENT_ASSET_PATHS = "\"PlanDoSee/Preview Content\"";
				DEVELOPMENT_TEAM = K4Z8YS9YYL;
				ENABLE_HARDENED_RUNTIME = YES;
				ENABLE_PREVIEWS = YES;
				GENERATE_INFOPLIST_FILE = YES;
				INFOPLIST_FILE = PlanDoSee/Info.plist;
				INFOPLIST_KEY_CFBundleDisplayName = PlanDoSee;
				INFOPLIST_KEY_LSApplicationCategoryType = "public.app-category.productivity";
				"INFOPLIST_KEY_UIApplicationSceneManifest_Generation[sdk=iphoneos*]" = YES;
				"INFOPLIST_KEY_UIApplicationSceneManifest_Generation[sdk=iphonesimulator*]" = YES;
				"INFOPLIST_KEY_UIApplicationSupportsIndirectInputEvents[sdk=iphoneos*]" = YES;
				"INFOPLIST_KEY_UIApplicationSupportsIndirectInputEvents[sdk=iphonesimulator*]" = YES;
				"INFOPLIST_KEY_UILaunchScreen_Generation[sdk=iphoneos*]" = YES;
				"INFOPLIST_KEY_UILaunchScreen_Generation[sdk=iphonesimulator*]" = YES;
				INFOPLIST_KEY_UILaunchStoryboardName = "Launch Screen.storyboard";
				"INFOPLIST_KEY_UIStatusBarStyle[sdk=iphoneos*]" = UIStatusBarStyleDefault;
				"INFOPLIST_KEY_UIStatusBarStyle[sdk=iphonesimulator*]" = UIStatusBarStyleDefault;
				INFOPLIST_KEY_UISupportedInterfaceOrientations = UIInterfaceOrientationPortrait;
				IPHONEOS_DEPLOYMENT_TARGET = 16.0;
				LD_RUNPATH_SEARCH_PATHS = "@executable_path/Frameworks";
				"LD_RUNPATH_SEARCH_PATHS[sdk=macosx*]" = "@executable_path/../Frameworks";
				MACOSX_DEPLOYMENT_TARGET = 13.0;
				MARKETING_VERSION = 1.2;
				OTHER_LDFLAGS = "-ObjC";
				PRODUCT_BUNDLE_IDENTIFIER = com.PlanDoSee;
				PRODUCT_NAME = "$(TARGET_NAME)";
				PROVISIONING_PROFILE_SPECIFIER = "";
				SDKROOT = auto;
				SUPPORTED_PLATFORMS = "iphoneos iphonesimulator macosx";
				SUPPORTS_MACCATALYST = NO;
				SUPPORTS_MAC_DESIGNED_FOR_IPHONE_IPAD = NO;
				SWIFT_EMIT_LOC_STRINGS = YES;
				SWIFT_VERSION = 5.0;
				TARGETED_DEVICE_FAMILY = 1;
			};
			name = Debug;
		};
		4804901D2A3D871F00C10DC9 /* Release */ = {
			isa = XCBuildConfiguration;
			buildSettings = {
				ASSETCATALOG_COMPILER_APPICON_NAME = AppIcon;
				ASSETCATALOG_COMPILER_GLOBAL_ACCENT_COLOR_NAME = AccentColor;
				CODE_SIGN_ENTITLEMENTS = PlanDoSee/PlanDoSee.entitlements;
				CODE_SIGN_IDENTITY = "Apple Development";
				"CODE_SIGN_IDENTITY[sdk=macosx*]" = "-";
				CODE_SIGN_STYLE = Automatic;
				CURRENT_PROJECT_VERSION = 3;
				DEVELOPMENT_ASSET_PATHS = "\"PlanDoSee/Preview Content\"";
				DEVELOPMENT_TEAM = K4Z8YS9YYL;
				ENABLE_HARDENED_RUNTIME = YES;
				ENABLE_PREVIEWS = YES;
				GENERATE_INFOPLIST_FILE = YES;
				INFOPLIST_FILE = PlanDoSee/Info.plist;
				INFOPLIST_KEY_CFBundleDisplayName = PlanDoSee;
				INFOPLIST_KEY_LSApplicationCategoryType = "public.app-category.productivity";
				"INFOPLIST_KEY_UIApplicationSceneManifest_Generation[sdk=iphoneos*]" = YES;
				"INFOPLIST_KEY_UIApplicationSceneManifest_Generation[sdk=iphonesimulator*]" = YES;
				"INFOPLIST_KEY_UIApplicationSupportsIndirectInputEvents[sdk=iphoneos*]" = YES;
				"INFOPLIST_KEY_UIApplicationSupportsIndirectInputEvents[sdk=iphonesimulator*]" = YES;
				"INFOPLIST_KEY_UILaunchScreen_Generation[sdk=iphoneos*]" = YES;
				"INFOPLIST_KEY_UILaunchScreen_Generation[sdk=iphonesimulator*]" = YES;
				INFOPLIST_KEY_UILaunchStoryboardName = "Launch Screen.storyboard";
				"INFOPLIST_KEY_UIStatusBarStyle[sdk=iphoneos*]" = UIStatusBarStyleDefault;
				"INFOPLIST_KEY_UIStatusBarStyle[sdk=iphonesimulator*]" = UIStatusBarStyleDefault;
				INFOPLIST_KEY_UISupportedInterfaceOrientations = UIInterfaceOrientationPortrait;
				IPHONEOS_DEPLOYMENT_TARGET = 16.0;
				LD_RUNPATH_SEARCH_PATHS = "@executable_path/Frameworks";
				"LD_RUNPATH_SEARCH_PATHS[sdk=macosx*]" = "@executable_path/../Frameworks";
				MACOSX_DEPLOYMENT_TARGET = 13.0;
				MARKETING_VERSION = 1.2;
				OTHER_LDFLAGS = "-ObjC";
				PRODUCT_BUNDLE_IDENTIFIER = com.PlanDoSee;
				PRODUCT_NAME = "$(TARGET_NAME)";
				PROVISIONING_PROFILE_SPECIFIER = "";
				SDKROOT = auto;
				SUPPORTED_PLATFORMS = "iphoneos iphonesimulator macosx";
				SUPPORTS_MACCATALYST = NO;
				SUPPORTS_MAC_DESIGNED_FOR_IPHONE_IPAD = NO;
				SWIFT_EMIT_LOC_STRINGS = YES;
				SWIFT_VERSION = 5.0;
				TARGETED_DEVICE_FAMILY = 1;
			};
			name = Release;
		};
/* End XCBuildConfiguration section */

/* Begin XCConfigurationList section */
		480490072A3D871C00C10DC9 /* Build configuration list for PBXProject "PlanDoSee" */ = {
			isa = XCConfigurationList;
			buildConfigurations = (
				480490192A3D871F00C10DC9 /* Debug */,
				4804901A2A3D871F00C10DC9 /* Release */,
			);
			defaultConfigurationIsVisible = 0;
			defaultConfigurationName = Release;
		};
		4804901B2A3D871F00C10DC9 /* Build configuration list for PBXNativeTarget "PlanDoSee" */ = {
			isa = XCConfigurationList;
			buildConfigurations = (
				4804901C2A3D871F00C10DC9 /* Debug */,
				4804901D2A3D871F00C10DC9 /* Release */,
			);
			defaultConfigurationIsVisible = 0;
			defaultConfigurationName = Release;
		};
/* End XCConfigurationList section */

/* Begin XCRemoteSwiftPackageReference section */
		481B3C102A4325F400837FBF /* XCRemoteSwiftPackageReference "firebase-ios-sdk" */ = {
			isa = XCRemoteSwiftPackageReference;
			repositoryURL = "https://github.com/firebase/firebase-ios-sdk";
			requirement = {
				kind = upToNextMajorVersion;
				minimumVersion = 9.0.0;
			};
		};
		48B3AEEF2AC56BB90025678B /* XCRemoteSwiftPackageReference "realm-swift" */ = {
			isa = XCRemoteSwiftPackageReference;
			repositoryURL = "https://github.com/realm/realm-swift.git";
			requirement = {
				kind = upToNextMajorVersion;
				minimumVersion = 10.42.4;
			};
		};
/* End XCRemoteSwiftPackageReference section */

/* Begin XCSwiftPackageProductDependency section */
		480F6AAB2AC3E0720024CEAD /* FirebaseAnalytics */ = {
			isa = XCSwiftPackageProductDependency;
			package = 481B3C102A4325F400837FBF /* XCRemoteSwiftPackageReference "firebase-ios-sdk" */;
			productName = FirebaseAnalytics;
		};
		480F6AAD2AC3E0790024CEAD /* FirebaseCrashlytics */ = {
			isa = XCSwiftPackageProductDependency;
			package = 481B3C102A4325F400837FBF /* XCRemoteSwiftPackageReference "firebase-ios-sdk" */;
			productName = FirebaseCrashlytics;
		};
		481B3C112A4325F400837FBF /* FirebaseAuth */ = {
			isa = XCSwiftPackageProductDependency;
			package = 481B3C102A4325F400837FBF /* XCRemoteSwiftPackageReference "firebase-ios-sdk" */;
			productName = FirebaseAuth;
		};
		481B3C132A4325F400837FBF /* FirebaseFirestore */ = {
			isa = XCSwiftPackageProductDependency;
			package = 481B3C102A4325F400837FBF /* XCRemoteSwiftPackageReference "firebase-ios-sdk" */;
			productName = FirebaseFirestore;
		};
		481B3C152A4325F400837FBF /* FirebaseFirestoreSwift */ = {
			isa = XCSwiftPackageProductDependency;
			package = 481B3C102A4325F400837FBF /* XCRemoteSwiftPackageReference "firebase-ios-sdk" */;
			productName = FirebaseFirestoreSwift;
		};
		48B3AEF02AC56BBA0025678B /* Realm */ = {
			isa = XCSwiftPackageProductDependency;
			package = 48B3AEEF2AC56BB90025678B /* XCRemoteSwiftPackageReference "realm-swift" */;
			productName = Realm;
		};
		48B3AEF22AC56BBA0025678B /* RealmSwift */ = {
			isa = XCSwiftPackageProductDependency;
			package = 48B3AEEF2AC56BB90025678B /* XCRemoteSwiftPackageReference "realm-swift" */;
			productName = RealmSwift;
		};
/* End XCSwiftPackageProductDependency section */
	};
	rootObject = 480490042A3D871C00C10DC9 /* Project object */;
}
